
Microsoft Visual Studio Solution File, Format Version 12.00
# Visual Studio Version 17
VisualStudioVersion = 17.10.35004.147
MinimumVisualStudioVersion = 10.0.40219.1
Project("{FAE04EC0-301F-11D3-BF4B-00C04F79EFBC}") = "CrmFaCore", "CrmFaCore.csproj", "{1E621253-8866-40C7-A854-8F293F38E76D}"
EndProject
Global
	GlobalSection(SolutionConfigurationPlatforms) = preSolution
		Debug|Any CPU = Debug|Any CPU
		Release|Any CPU = Release|Any CPU
	EndGlobalSection
	GlobalSection(ProjectConfigurationPlatforms) = postSolution
		{1E621253-8866-40C7-A854-8F293F38E76D}.Debug|Any CPU.ActiveCfg = Debug|Any CPU
		{1E621253-8866-40C7-A854-8F293F38E76D}.Debug|Any CPU.Build.0 = Debug|Any CPU
		{1E621253-8866-40C7-A854-8F293F38E76D}.Release|Any CPU.ActiveCfg = Release|Any CPU
		{1E621253-8866-40C7-A854-8F293F38E76D}.Release|Any CPU.Build.0 = Release|Any CPU
	EndGlobalSection
	GlobalSection(SolutionProperties) = preSolution
		HideSolutionNode = FALSE
	EndGlobalSection
	GlobalSection(ExtensibilityGlobals) = postSolution
		SolutionGuid = {662090A9-4879-4850-995C-EA487A9170B4}
	EndGlobalSection
EndGlobal
